
Microsoft Visual Studio Solution File, Format Version 12.00
Project("{FAE04EC0-301F-11D3-BF4B-00C04F79EFBC}") = "AccountManagement.WEB", "AccountManagement.WEB\AccountManagement.WEB.csproj", "{B17BCE50-9A1D-43C9-8C1E-80BF2212C82E}"
EndProject
Project("{FAE04EC0-301F-11D3-BF4B-00C04F79EFBC}") = "AccountManagement.Infrastructure", "AccountManagement.Infrastructure\AccountManagement.Infrastructure.csproj", "{E73871E9-655E-45F7-BBE1-0B889E9CC9B8}"
EndProject
Global
	GlobalSection(SolutionConfigurationPlatforms) = preSolution
		Debug|Any CPU = Debug|Any CPU
		Release|Any CPU = Release|Any CPU
	EndGlobalSection
	GlobalSection(ProjectConfigurationPlatforms) = postSolution
		{B17BCE50-9A1D-43C9-8C1E-80BF2212C82E}.Debug|Any CPU.ActiveCfg = Debug|Any CPU
		{B17BCE50-9A1D-43C9-8C1E-80BF2212C82E}.Debug|Any CPU.Build.0 = Debug|Any CPU
		{B17BCE50-9A1D-43C9-8C1E-80BF2212C82E}.Release|Any CPU.ActiveCfg = Release|Any CPU
		{B17BCE50-9A1D-43C9-8C1E-80BF2212C82E}.Release|Any CPU.Build.0 = Release|Any CPU
		{E73871E9-655E-45F7-BBE1-0B889E9CC9B8}.Debug|Any CPU.ActiveCfg = Debug|Any CPU
		{E73871E9-655E-45F7-BBE1-0B889E9CC9B8}.Debug|Any CPU.Build.0 = Debug|Any CPU
		{E73871E9-655E-45F7-BBE1-0B889E9CC9B8}.Release|Any CPU.ActiveCfg = Release|Any CPU
		{E73871E9-655E-45F7-BBE1-0B889E9CC9B8}.Release|Any CPU.Build.0 = Release|Any CPU
	EndGlobalSection
EndGlobal
